
Microsoft Visual Studio Solution File, Format Version 12.00
# Visual Studio Version 16
VisualStudioVersion = 16.0.31729.503
MinimumVisualStudioVersion = 10.0.40219.1
Project("{9A19103F-16F7-4668-BE54-9A1E7A4F7556}") = "4.1.1", "4.1.1\4.1.1.csproj", "{C2189F45-FBEB-4456-8F7F-45B1EB44EB67}"
EndProject
Project("{9A19103F-16F7-4668-BE54-9A1E7A4F7556}") = "4.1.2", "4.1.2\4.1.2.csproj", "{373255D4-17DE-4F0C-A604-94CF720AF898}"
EndProject
Project("{FAE04EC0-301F-11D3-BF4B-00C04F79EFBC}") = "4.1.3", "4.1.3\4.1.3.csproj", "{3870350F-7F34-4E67-A6D6-A77773803620}"
EndProject
Project("{FAE04EC0-301F-11D3-BF4B-00C04F79EFBC}") = "4.1.4", "4.1.4\4.1.4.csproj", "{B07377C2-193A-4217-AAA1-C9AE5217E4B0}"
EndProject
Global
	GlobalSection(SolutionConfigurationPlatforms) = preSolution
		Debug|Any CPU = Debug|Any CPU
		Release|Any CPU = Release|Any CPU
	EndGlobalSection
	GlobalSection(ProjectConfigurationPlatforms) = postSolution
		{C2189F45-FBEB-4456-8F7F-45B1EB44EB67}.Debug|Any CPU.ActiveCfg = Debug|Any CPU
		{C2189F45-FBEB-4456-8F7F-45B1EB44EB67}.Debug|Any CPU.Build.0 = Debug|Any CPU
		{C2189F45-FBEB-4456-8F7F-45B1EB44EB67}.Release|Any CPU.ActiveCfg = Release|Any CPU
		{C2189F45-FBEB-4456-8F7F-45B1EB44EB67}.Release|Any CPU.Build.0 = Release|Any CPU
		{373255D4-17DE-4F0C-A604-94CF720AF898}.Debug|Any CPU.ActiveCfg = Debug|Any CPU
		{373255D4-17DE-4F0C-A604-94CF720AF898}.Debug|Any CPU.Build.0 = Debug|Any CPU
		{373255D4-17DE-4F0C-A604-94CF720AF898}.Release|Any CPU.ActiveCfg = Release|Any CPU
		{373255D4-17DE-4F0C-A604-94CF720AF898}.Release|Any CPU.Build.0 = Release|Any CPU
		{3870350F-7F34-4E67-A6D6-A77773803620}.Debug|Any CPU.ActiveCfg = Debug|Any CPU
		{3870350F-7F34-4E67-A6D6-A77773803620}.Debug|Any CPU.Build.0 = Debug|Any CPU
		{3870350F-7F34-4E67-A6D6-A77773803620}.Release|Any CPU.ActiveCfg = Release|Any CPU
		{3870350F-7F34-4E67-A6D6-A77773803620}.Release|Any CPU.Build.0 = Release|Any CPU
		{B07377C2-193A-4217-AAA1-C9AE5217E4B0}.Debug|Any CPU.ActiveCfg = Debug|Any CPU
		{B07377C2-193A-4217-AAA1-C9AE5217E4B0}.Debug|Any CPU.Build.0 = Debug|Any CPU
		{B07377C2-193A-4217-AAA1-C9AE5217E4B0}.Release|Any CPU.ActiveCfg = Release|Any CPU
		{B07377C2-193A-4217-AAA1-C9AE5217E4B0}.Release|Any CPU.Build.0 = Release|Any CPU
	EndGlobalSection
	GlobalSection(SolutionProperties) = preSolution
		HideSolutionNode = FALSE
	EndGlobalSection
	GlobalSection(ExtensibilityGlobals) = postSolution
		SolutionGuid = {23047C47-AF33-4EF0-8532-13E16D6899F8}
	EndGlobalSection
EndGlobal
